lockfileVersion: 5.3

specifiers:
  axii: ^1.5.5
  esbuild: ^0.14.26
  vite: 2.7.13

dependencies:
  axii: 1.5.5
  esbuild: 0.14.26
  vite: 2.7.13

packages:

  /axii/1.5.5:
    resolution: {integrity: sha512-aWXKH1Oq7QdRMt+H8sLugQ31aHIarin+pttNrNkZm2cPZY0X21ApKgQWomWSI4enk+GsMPiODhG1oG2yCG7P8g==}
    dependencies:
      csstype: 3.0.11
      fast-json-patch: 3.1.0
      immer: 9.0.12
    dev: false

  /csstype/3.0.11:
    resolution: {integrity: sha512-sa6P2wJ+CAbgyy4KFssIb/JNMLxFvKF1pCYCSXS8ZMuqZnMsrxqI2E5sPyoTpxoPU/gVZMzr2zjOfg8GIZOMsw==}
    dev: false

  /esbuild-android-64/0.14.26:
    resolution: {integrity: sha512-HIyJ3VvigHfseaI0D+vsD8zKQ4roDUD962/vtO/KXzav6wR//Y//Qx1HUX8k5bQeQ7/0yCXlltY9VBw1MFnWFQ==}
    engines: {node: '>=12'}
    cpu: [x64]
    os: [android]
    requiresBuild: true
    dev: false
    optional: true

  /esbuild-android-arm64/0.13.15:
    resolution: {integrity: sha512-m602nft/XXeO8YQPUDVoHfjyRVPdPgjyyXOxZ44MK/agewFFkPa8tUo6lAzSWh5Ui5PB4KR9UIFTSBKh/RrCmg==}
    cpu: [arm64]
    os: [android]
    requiresBuild: true
    dev: false
    optional: true

  /esbuild-android-arm64/0.14.26:
    resolution: {integrity: sha512-TxRCLxyU5yj3U8Bud9fCg3IxzIXXKaWcmDbvURm8JkRr0WvCAmwZBdLi5T8BasT1v5vrVE//M0KSHZod6HC6lA==}
    engines: {node: '>=12'}
    cpu: [arm64]
    os: [android]
    requiresBuild: true
    dev: false
    optional: true

  /esbuild-darwin-64/0.13.15:
    resolution: {integrity: sha512-ihOQRGs2yyp7t5bArCwnvn2Atr6X4axqPpEdCFPVp7iUj4cVSdisgvEKdNR7yH3JDjW6aQDw40iQFoTqejqxvQ==}
    cpu: [x64]
    os: [darwin]
    requiresBuild: true
    dev: false
    optional: true

  /esbuild-darwin-64/0.14.26:
    resolution: {integrity: sha512-oZJBN+CkR47Fc7KB1vowZy2kb5r+WSnsBjVEw7aI8HmR6louAgTr4bs1NwzaF6MbLi41ajaw6RdipfsM1H9PvQ==}
    engines: {node: '>=12'}
    cpu: [x64]
    os: [darwin]
    requiresBuild: true
    dev: false
    optional: true

  /esbuild-darwin-arm64/0.13.15:
    resolution: {integrity: sha512-i1FZssTVxUqNlJ6cBTj5YQj4imWy3m49RZRnHhLpefFIh0To05ow9DTrXROTE1urGTQCloFUXTX8QfGJy1P8dQ==}
    cpu: [arm64]
    os: [darwin]
    requiresBuild: true
    dev: false
    optional: true

  /esbuild-darwin-arm64/0.14.26:
    resolution: {integrity: sha512-eYW+cmP3BGVPDp+wd9bRI5CN5HjkZnrMQtj46Mj//UsSh4SRvflAp3pjs3ooA+MCpIa9xZ8091HqLqpYi7KFWA==}
    engines: {node: '>=12'}
    cpu: [arm64]
    os: [darwin]
    requiresBuild: true
    dev: false
    optional: true

  /esbuild-freebsd-64/0.13.15:
    resolution: {integrity: sha512-G3dLBXUI6lC6Z09/x+WtXBXbOYQZ0E8TDBqvn7aMaOCzryJs8LyVXKY4CPnHFXZAbSwkCbqiPuSQ1+HhrNk7EA==}
    cpu: [x64]
    os: [freebsd]
    requiresBuild: true
    dev: false
    optional: true

  /esbuild-freebsd-64/0.14.26:
    resolution: {integrity: sha512-Q+Hs27fSBkNfUHNhphSyWfF5lxl3o9S6LFlzkC5KofxLCnCESP+7YTzAWTosYGANsPT2mvYFOraFeYEokG+5DA==}
    engines: {node: '>=12'}
    cpu: [x64]
    os: [freebsd]
    requiresBuild: true
    dev: false
    optional: true

  /esbuild-freebsd-arm64/0.13.15:
    resolution: {integrity: sha512-KJx0fzEDf1uhNOZQStV4ujg30WlnwqUASaGSFPhznLM/bbheu9HhqZ6mJJZM32lkyfGJikw0jg7v3S0oAvtvQQ==}
    cpu: [arm64]
    os: [freebsd]
    requiresBuild: true
    dev: false
    optional: true

  /esbuild-freebsd-arm64/0.14.26:
    resolution: {integrity: sha512-MT+FuC/63oz6j/jvWOMCNqnHBYm/bNhGPArUgQX8GRhofFCeqe0NRmJbhtlHZaEeErIIjHPZQ/nXs34mfiqo/Q==}
    engines: {node: '>=12'}
    cpu: [arm64]
    os: [freebsd]
    requiresBuild: true
    dev: false
    optional: true

  /esbuild-linux-32/0.13.15:
    resolution: {integrity: sha512-ZvTBPk0YWCLMCXiFmD5EUtB30zIPvC5Itxz0mdTu/xZBbbHJftQgLWY49wEPSn2T/TxahYCRDWun5smRa0Tu+g==}
    cpu: [ia32]
    os: [linux]
    requiresBuild: true
    dev: false
    optional: true

  /esbuild-linux-32/0.14.26:
    resolution: {integrity: sha512-9gqSfJ8qMDvz7wXZoinNoe9/ekPpbT+/ZgVfZEeB72ETITVPHvMbG8i0E12wG366G01vMXtlxbD9IYJsMVhe6w==}
    engines: {node: '>=12'}
    cpu: [ia32]
    os: [linux]
    requiresBuild: true
    dev: false
    optional: true

  /esbuild-linux-64/0.13.15:
    resolution: {integrity: sha512-eCKzkNSLywNeQTRBxJRQ0jxRCl2YWdMB3+PkWFo2BBQYC5mISLIVIjThNtn6HUNqua1pnvgP5xX0nHbZbPj5oA==}
    cpu: [x64]
    os: [linux]
    requiresBuild: true
    dev: false
    optional: true

  /esbuild-linux-64/0.14.26:
    resolution: {integrity: sha512-aPku1lCxxXmBr5LkENSlGIbY33jjQExDzaSrNV+dDA5bHXhFnpI9UkSe+vQzrSkxgO66vNjSTNDcxg3pOXBaBw==}
    engines: {node: '>=12'}
    cpu: [x64]
    os: [linux]
    requiresBuild: true
    dev: false
    optional: true

  /esbuild-linux-arm/0.13.15:
    resolution: {integrity: sha512-wUHttDi/ol0tD8ZgUMDH8Ef7IbDX+/UsWJOXaAyTdkT7Yy9ZBqPg8bgB/Dn3CZ9SBpNieozrPRHm0BGww7W/jA==}
    cpu: [arm]
    os: [linux]
    requiresBuild: true
    dev: false
    optional: true

  /esbuild-linux-arm/0.14.26:
    resolution: {integrity: sha512-m7ozLQozfgBmh9l3HWxDEVYEEG8GuTqzRoFuf9iX0xAlbtqmhhlm7M4zNMa2eyPEG+ejgHndAuvuB1hcOWvdJw==}
    engines: {node: '>=12'}
    cpu: [arm]
    os: [linux]
    requiresBuild: true
    dev: false
    optional: true

  /esbuild-linux-arm64/0.13.15:
    resolution: {integrity: sha512-bYpuUlN6qYU9slzr/ltyLTR9YTBS7qUDymO8SV7kjeNext61OdmqFAzuVZom+OLW1HPHseBfJ/JfdSlx8oTUoA==}
    cpu: [arm64]
    os: [linux]
    requiresBuild: true
    dev: false
    optional: true

  /esbuild-linux-arm64/0.14.26:
    resolution: {integrity: sha512-S0boyzv5Yx+IN1A8253nEPzHqn/W/y+CRcLYFZ1E5DscqkY7EvBao6rhff3ZxaHU9Zrkn0pLVqlJdMx3rm6D4Q==}
    engines: {node: '>=12'}
    cpu: [arm64]
    os: [linux]
    requiresBuild: true
    dev: false
    optional: true

  /esbuild-linux-mips64le/0.13.15:
    resolution: {integrity: sha512-KlVjIG828uFPyJkO/8gKwy9RbXhCEUeFsCGOJBepUlpa7G8/SeZgncUEz/tOOUJTcWMTmFMtdd3GElGyAtbSWg==}
    cpu: [mips64el]
    os: [linux]
    requiresBuild: true
    dev: false
    optional: true

  /esbuild-linux-mips64le/0.14.26:
    resolution: {integrity: sha512-TyMRc2ctQV1g9ruHg1Y793e18uDigKKsgzcZPzfxZi2z+hGK1uaSdaejGdULEJBJVMXt3/NC1T1yq0vCTiYYgg==}
    engines: {node: '>=12'}
    cpu: [mips64el]
    os: [linux]
    requiresBuild: true
    dev: false
    optional: true

  /esbuild-linux-ppc64le/0.13.15:
    resolution: {integrity: sha512-h6gYF+OsaqEuBjeesTBtUPw0bmiDu7eAeuc2OEH9S6mV9/jPhPdhOWzdeshb0BskRZxPhxPOjqZ+/OqLcxQwEQ==}
    cpu: [ppc64]
    os: [linux]
    requiresBuild: true
    dev: false
    optional: true

  /esbuild-linux-ppc64le/0.14.26:
    resolution: {integrity: sha512-aOJPP80m2gV8CyDqEMGbwZaGKuR45tZU1qYZ0+Cy8lWV4CWmd9iBWhCLP3eI9d7163m6t+0YO/6N3iLSVlNnpA==}
    engines: {node: '>=12'}
    cpu: [ppc64]
    os: [linux]
    requiresBuild: true
    dev: false
    optional: true

  /esbuild-linux-riscv64/0.14.26:
    resolution: {integrity: sha512-2E5xK7SNZFXhFzRbZGtUqg3MbHnrx5XzqHaGLOLdHBqOSWIAdJKB3w6WtjpLkZvPuWrKeh51XnRpk1jm0TsUjQ==}
    engines: {node: '>=12'}
    cpu: [riscv64]
    os: [linux]
    requiresBuild: true
    dev: false
    optional: true

  /esbuild-linux-s390x/0.14.26:
    resolution: {integrity: sha512-kfSuFea857mTYMp/RAFmMp9TBjf1T8F/dTRqLn2p+g8Ok30Cp1+mI2+YCmxz5Uw2JOfxyvpND0Ek1PGPMo1UsQ==}
    engines: {node: '>=12'}
    cpu: [s390x]
    os: [linux]
    requiresBuild: true
    dev: false
    optional: true

  /esbuild-netbsd-64/0.13.15:
    resolution: {integrity: sha512-3+yE9emwoevLMyvu+iR3rsa+Xwhie7ZEHMGDQ6dkqP/ndFzRHkobHUKTe+NCApSqG5ce2z4rFu+NX/UHnxlh3w==}
    cpu: [x64]
    os: [netbsd]
    requiresBuild: true
    dev: false
    optional: true

  /esbuild-netbsd-64/0.14.26:
    resolution: {integrity: sha512-tWhLwfOOqdZRwvaSYIWuic9Cj+WRRCLHe//Bmlf0ThBur9/EssRTtVh6/rC2Okp7Eb4QcerA/1wjWLYLECYD7g==}
    engines: {node: '>=12'}
    cpu: [x64]
    os: [netbsd]
    requiresBuild: true
    dev: false
    optional: true

  /esbuild-openbsd-64/0.13.15:
    resolution: {integrity: sha512-wTfvtwYJYAFL1fSs8yHIdf5GEE4NkbtbXtjLWjM3Cw8mmQKqsg8kTiqJ9NJQe5NX/5Qlo7Xd9r1yKMMkHllp5g==}
    cpu: [x64]
    os: [openbsd]
    requiresBuild: true
    dev: false
    optional: true

  /esbuild-openbsd-64/0.14.26:
    resolution: {integrity: sha512-Xj7IWpsPn/hgKNzwjLpnf6wMtV0lfw5bzn7N9vmiCKx9TBA28L2hI8G15O0s9atLKny4HpmCGwZWmReNF1Ui6g==}
    engines: {node: '>=12'}
    cpu: [x64]
    os: [openbsd]
    requiresBuild: true
    dev: false
    optional: true

  /esbuild-sunos-64/0.13.15:
    resolution: {integrity: sha512-lbivT9Bx3t1iWWrSnGyBP9ODriEvWDRiweAs69vI+miJoeKwHWOComSRukttbuzjZ8r1q0mQJ8Z7yUsDJ3hKdw==}
    cpu: [x64]
    os: [sunos]
    requiresBuild: true
    dev: false
    optional: true

  /esbuild-sunos-64/0.14.26:
    resolution: {integrity: sha512-5odPsuhghCUYc3c1gEtz6pGq9cuGRDq1+iNdLBjZcz6IUebd0ay/AVORWchs5WddzyJA9hguxrKsPjECxX6OzQ==}
    engines: {node: '>=12'}
    cpu: [x64]
    os: [sunos]
    requiresBuild: true
    dev: false
    optional: true

  /esbuild-windows-32/0.13.15:
    resolution: {integrity: sha512-fDMEf2g3SsJ599MBr50cY5ve5lP1wyVwTe6aLJsM01KtxyKkB4UT+fc5MXQFn3RLrAIAZOG+tHC+yXObpSn7Nw==}
    cpu: [ia32]
    os: [win32]
    requiresBuild: true
    dev: false
    optional: true

  /esbuild-windows-32/0.14.26:
    resolution: {integrity: sha512-xSVyGV6xGQlAC/K+oBXC9YiGGqoKqQGXVEFQKlDGXD6rxHGK5Fch0ynuvkjaYWW/p8OWqxGVYcof5BvGjY49RA==}
    engines: {node: '>=12'}
    cpu: [ia32]
    os: [win32]
    requiresBuild: true
    dev: false
    optional: true

  /esbuild-windows-64/0.13.15:
    resolution: {integrity: sha512-9aMsPRGDWCd3bGjUIKG/ZOJPKsiztlxl/Q3C1XDswO6eNX/Jtwu4M+jb6YDH9hRSUflQWX0XKAfWzgy5Wk54JQ==}
    cpu: [x64]
    os: [win32]
    requiresBuild: true
    dev: false
    optional: true

  /esbuild-windows-64/0.14.26:
    resolution: {integrity: sha512-Q0Bm42+wIqHJ8yF96T7nXosILXROegRtMmuI1L0kry0YBHnCFMtjNRTyUwv8yi7o2XvVYh7DF0NHLDL4N34MuA==}
    engines: {node: '>=12'}
    cpu: [x64]
    os: [win32]
    requiresBuild: true
    dev: false
    optional: true

  /esbuild-windows-arm64/0.13.15:
    resolution: {integrity: sha512-zzvyCVVpbwQQATaf3IG8mu1IwGEiDxKkYUdA4FpoCHi1KtPa13jeScYDjlW0Qh+ebWzpKfR2ZwvqAQkSWNcKjA==}
    cpu: [arm64]
    os: [win32]
    requiresBuild: true
    dev: false
    optional: true

  /esbuild-windows-arm64/0.14.26:
    resolution: {integrity: sha512-+l0DB0VV4LiSoDfNsGviK/2M88IR+/fOUfQoQx08RPu7OZ7gv9BqhRLZCSCT4qHT351OTH1nPv7avRXX6JRQcg==}
    engines: {node: '>=12'}
    cpu: [arm64]
    os: [win32]
    requiresBuild: true
    dev: false
    optional: true

  /esbuild/0.13.15:
    resolution: {integrity: sha512-raCxt02HBKv8RJxE8vkTSCXGIyKHdEdGfUmiYb8wnabnaEmHzyW7DCHb5tEN0xU8ryqg5xw54mcwnYkC4x3AIw==}
    hasBin: true
    requiresBuild: true
    optionalDependencies:
      esbuild-android-arm64: 0.13.15
      esbuild-darwin-64: 0.13.15
      esbuild-darwin-arm64: 0.13.15
      esbuild-freebsd-64: 0.13.15
      esbuild-freebsd-arm64: 0.13.15
      esbuild-linux-32: 0.13.15
      esbuild-linux-64: 0.13.15
      esbuild-linux-arm: 0.13.15
      esbuild-linux-arm64: 0.13.15
      esbuild-linux-mips64le: 0.13.15
      esbuild-linux-ppc64le: 0.13.15
      esbuild-netbsd-64: 0.13.15
      esbuild-openbsd-64: 0.13.15
      esbuild-sunos-64: 0.13.15
      esbuild-windows-32: 0.13.15
      esbuild-windows-64: 0.13.15
      esbuild-windows-arm64: 0.13.15
    dev: false

  /esbuild/0.14.26:
    resolution: {integrity: sha512-v0zIYlFB9NZ82/hFljhvpA7f8rob66r68ymB7juMz6TYAAMYjKGoW+hrMfRRvic5MAOI2wE/SuykFvsELLa6eA==}
    engines: {node: '>=12'}
    hasBin: true
    requiresBuild: true
    optionalDependencies:
      esbuild-android-64: 0.14.26
      esbuild-android-arm64: 0.14.26
      esbuild-darwin-64: 0.14.26
      esbuild-darwin-arm64: 0.14.26
      esbuild-freebsd-64: 0.14.26
      esbuild-freebsd-arm64: 0.14.26
      esbuild-linux-32: 0.14.26
      esbuild-linux-64: 0.14.26
      esbuild-linux-arm: 0.14.26
      esbuild-linux-arm64: 0.14.26
      esbuild-linux-mips64le: 0.14.26
      esbuild-linux-ppc64le: 0.14.26
      esbuild-linux-riscv64: 0.14.26
      esbuild-linux-s390x: 0.14.26
      esbuild-netbsd-64: 0.14.26
      esbuild-openbsd-64: 0.14.26
      esbuild-sunos-64: 0.14.26
      esbuild-windows-32: 0.14.26
      esbuild-windows-64: 0.14.26
      esbuild-windows-arm64: 0.14.26
    dev: false

  /fast-json-patch/3.1.0:
    resolution: {integrity: sha512-IhpytlsVTRndz0hU5t0/MGzS/etxLlfrpG5V5M9mVbuj9TrJLWaMfsox9REM5rkuGX0T+5qjpe8XA1o0gZ42nA==}
    dev: false

  /fsevents/2.3.2:
    resolution: {integrity: sha512-xiqMQR4xAeHTuB9uWm+fFRcIOgKBMiOBP+eXiyT7jsgVCq1bkVygt00oASowB7EdtpOHaaPgKt812P9ab+DDKA==}
    engines: {node: ^8.16.0 || ^10.6.0 || >=11.0.0}
    os: [darwin]
    requiresBuild: true
    dev: false
    optional: true

  /function-bind/1.1.1:
    resolution: {integrity: sha512-yIovAzMX49sF8Yl58fSCWJ5svSLuaibPxXQJFLmBObTuCr0Mf1KiPopGM9NiFjiYBCbfaa2Fh6breQ6ANVTI0A==}
    dev: false

  /has/1.0.3:
    resolution: {integrity: sha512-f2dvO0VU6Oej7RkWJGrehjbzMAjFp5/VKPp5tTpWIV4JHHZK1/BxbFRtf/siA2SWTe09caDmVtYYzWEIbBS4zw==}
    engines: {node: '>= 0.4.0'}
    dependencies:
      function-bind: 1.1.1
    dev: false

  /immer/9.0.12:
    resolution: {integrity: sha512-lk7UNmSbAukB5B6dh9fnh5D0bJTOFKxVg2cyJWTYrWRfhLrLMBquONcUs3aFq507hNoIZEDDh8lb8UtOizSMhA==}
    dev: false

  /is-core-module/2.8.1:
    resolution: {integrity: sha512-SdNCUs284hr40hFTFP6l0IfZ/RSrMXF3qgoRHd3/79unUTvrFO/JoXwkGm+5J/Oe3E/b5GsnG330uUNgRpu1PA==}
    dependencies:
      has: 1.0.3
    dev: false

  /nanoid/3.3.1:
    resolution: {integrity: sha512-n6Vs/3KGyxPQd6uO0eH4Bv0ojGSUvuLlIHtC3Y0kEO23YRge8H9x1GCzLn28YX0H66pMkxuaeESFq4tKISKwdw==}
    engines: {node: ^10 || ^12 || ^13.7 || ^14 || >=15.0.1}
    hasBin: true
    dev: false

  /path-parse/1.0.7:
    resolution: {integrity: sha512-LDJzPVEEEPR+y48z93A0Ed0yXb8pAByGWo/k5YYdYgpY2/2EsOsksJrq7lOHxryrVOn1ejG6oAp8ahvOIQD8sw==}
    dev: false

  /picocolors/1.0.0:
    resolution: {integrity: sha512-1fygroTLlHu66zi26VoTDv8yRgm0Fccecssto+MhsZ0D/DGW2sm8E8AjW7NU5VVTRt5GxbeZ5qBuJr+HyLYkjQ==}
    dev: false

  /postcss/8.4.8:
    resolution: {integrity: sha512-2tXEqGxrjvAO6U+CJzDL2Fk2kPHTv1jQsYkSoMeOis2SsYaXRO2COxTdQp99cYvif9JTXaAk9lYGc3VhJt7JPQ==}
    engines: {node: ^10 || ^12 || >=14}
    dependencies:
      nanoid: 3.3.1
      picocolors: 1.0.0
      source-map-js: 1.0.2
    dev: false

  /resolve/1.22.0:
    resolution: {integrity: sha512-Hhtrw0nLeSrFQ7phPp4OOcVjLPIeMnRlr5mcnVuMe7M/7eBn98A3hmFRLoFo3DLZkivSYwhRUJTyPyWAk56WLw==}
    hasBin: true
    dependencies:
      is-core-module: 2.8.1
      path-parse: 1.0.7
      supports-preserve-symlinks-flag: 1.0.0
    dev: false

  /rollup/2.70.1:
    resolution: {integrity: sha512-CRYsI5EuzLbXdxC6RnYhOuRdtz4bhejPMSWjsFLfVM/7w/85n2szZv6yExqUXsBdz5KT8eoubeyDUDjhLHEslA==}
    engines: {node: '>=10.0.0'}
    hasBin: true
    optionalDependencies:
      fsevents: 2.3.2
    dev: false

  /source-map-js/1.0.2:
    resolution: {integrity: sha512-R0XvVJ9WusLiqTCEiGCmICCMplcCkIwwR11mOSD9CR5u+IXYdiseeEuXCVAjS54zqwkLcPNnmU4OeJ6tUrWhDw==}
    engines: {node: '>=0.10.0'}
    dev: false

  /supports-preserve-symlinks-flag/1.0.0:
    resolution: {integrity: sha512-ot0WnXS9fgdkgIcePe6RHNk1WA8+muPa6cSjeR3V8K27q9BB1rTE3R1p7Hv0z1ZyAc8s6Vvv8DIyWf681MAt0w==}
    engines: {node: '>= 0.4'}
    dev: false

  /vite/2.7.13:
    resolution: {integrity: sha512-Mq8et7f3aK0SgSxjDNfOAimZGW9XryfHRa/uV0jseQSilg+KhYDSoNb9h1rknOy6SuMkvNDLKCYAYYUMCE+IgQ==}
    engines: {node: '>=12.2.0'}
    hasBin: true
    peerDependencies:
      less: '*'
      sass: '*'
      stylus: '*'
    peerDependenciesMeta:
      less:
        optional: true
      sass:
        optional: true
      stylus:
        optional: true
    dependencies:
      esbuild: 0.13.15
      postcss: 8.4.8
      resolve: 1.22.0
      rollup: 2.70.1
    optionalDependencies:
      fsevents: 2.3.2
    dev: false
